
Microsoft Visual Studio Solution File, Format Version 12.00
# Visual Studio Version 16
VisualStudioVersion = 16.0.29613.14
MinimumVisualStudioVersion = 10.0.40219.1
Project("{FAE04EC0-301F-11D3-BF4B-00C04F79EFBC}") = "IO_Laboratorium_1_Zadanie_5", "IO_Laboratorium_1_Zadanie_5\IO_Laboratorium_1_Zadanie_5.csproj", "{08698EFD-BA10-468B-8AE1-DF8961381B9C}"
EndProject
Global
	GlobalSection(SolutionConfigurationPlatforms) = preSolution
		Debug|Any CPU = Debug|Any CPU
		Release|Any CPU = Release|Any CPU
	EndGlobalSection
	GlobalSection(ProjectConfigurationPlatforms) = postSolution
		{08698EFD-BA10-468B-8AE1-DF8961381B9C}.Debug|Any CPU.ActiveCfg = Debug|Any CPU
		{08698EFD-BA10-468B-8AE1-DF8961381B9C}.Debug|Any CPU.Build.0 = Debug|Any CPU
		{08698EFD-BA10-468B-8AE1-DF8961381B9C}.Release|Any CPU.ActiveCfg = Release|Any CPU
		{08698EFD-BA10-468B-8AE1-DF8961381B9C}.Release|Any CPU.Build.0 = Release|Any CPU
	EndGlobalSection
	GlobalSection(SolutionProperties) = preSolution
		HideSolutionNode = FALSE
	EndGlobalSection
	GlobalSection(ExtensibilityGlobals) = postSolution
		SolutionGuid = {84854DBC-CEC4-4CFC-AA3B-605D253144F9}
	EndGlobalSection
EndGlobal
