
Microsoft Visual Studio Solution File, Format Version 12.00
# Visual Studio Version 16
VisualStudioVersion = 16.0.29613.14
MinimumVisualStudioVersion = 10.0.40219.1
Project("{FAE04EC0-301F-11D3-BF4B-00C04F79EFBC}") = "IO_Laboratorium_4_Filtr", "IO_Laboratorium_4_Filtr\IO_Laboratorium_4_Filtr.csproj", "{7C945D2F-4BD3-465B-9408-6C1FF88C139A}"
EndProject
Global
	GlobalSection(SolutionConfigurationPlatforms) = preSolution
		Debug|Any CPU = Debug|Any CPU
		Release|Any CPU = Release|Any CPU
	EndGlobalSection
	GlobalSection(ProjectConfigurationPlatforms) = postSolution
		{7C945D2F-4BD3-465B-9408-6C1FF88C139A}.Debug|Any CPU.ActiveCfg = Debug|Any CPU
		{7C945D2F-4BD3-465B-9408-6C1FF88C139A}.Debug|Any CPU.Build.0 = Debug|Any CPU
		{7C945D2F-4BD3-465B-9408-6C1FF88C139A}.Release|Any CPU.ActiveCfg = Release|Any CPU
		{7C945D2F-4BD3-465B-9408-6C1FF88C139A}.Release|Any CPU.Build.0 = Release|Any CPU
	EndGlobalSection
	GlobalSection(SolutionProperties) = preSolution
		HideSolutionNode = FALSE
	EndGlobalSection
	GlobalSection(ExtensibilityGlobals) = postSolution
		SolutionGuid = {32935E5C-0F7A-4A3C-A2A2-09D14FE96090}
	EndGlobalSection
EndGlobal
