
Microsoft Visual Studio Solution File, Format Version 12.00
# Visual Studio Version 16
VisualStudioVersion = 16.0.29613.14
MinimumVisualStudioVersion = 10.0.40219.1
Project("{FAE04EC0-301F-11D3-BF4B-00C04F79EFBC}") = "Lab5_IO", "Lab5_IO\Lab5_IO.csproj", "{DE38D33A-EFA5-4335-BCA3-9027976FDFA2}"
EndProject
Global
	GlobalSection(SolutionConfigurationPlatforms) = preSolution
		Debug|Any CPU = Debug|Any CPU
		Release|Any CPU = Release|Any CPU
	EndGlobalSection
	GlobalSection(ProjectConfigurationPlatforms) = postSolution
		{DE38D33A-EFA5-4335-BCA3-9027976FDFA2}.Debug|Any CPU.ActiveCfg = Debug|Any CPU
		{DE38D33A-EFA5-4335-BCA3-9027976FDFA2}.Debug|Any CPU.Build.0 = Debug|Any CPU
		{DE38D33A-EFA5-4335-BCA3-9027976FDFA2}.Release|Any CPU.ActiveCfg = Release|Any CPU
		{DE38D33A-EFA5-4335-BCA3-9027976FDFA2}.Release|Any CPU.Build.0 = Release|Any CPU
	EndGlobalSection
	GlobalSection(SolutionProperties) = preSolution
		HideSolutionNode = FALSE
	EndGlobalSection
	GlobalSection(ExtensibilityGlobals) = postSolution
		SolutionGuid = {42C0F5EB-6059-433A-971C-0EEF1C34CF4B}
	EndGlobalSection
EndGlobal
